// !$*UTF8*$!
{
	archiveVersion = 1;
	classes = {
	};
	objectVersion = 56;
	objects = {

/* Begin PBXBuildFile section */
		883F96A52BFF1E240013FF64 /* BalooDa-Regular.ttf in Resources */ = {isa = PBXBuildFile; fileRef = 883F96A42BFF1E240013FF64 /* BalooDa-Regular.ttf */; };
		885A9DB62BFF0AA500CE9612 /* LoginVC.swift in Sources */ = {isa = PBXBuildFile; fileRef = 885A9DB52BFF0AA500CE9612 /* LoginVC.swift */; };
		885A9DB92BFF186A00CE9612 /* Inter-Bold.ttf in Resources */ = {isa = PBXBuildFile; fileRef = 885A9DB82BFF186A00CE9612 /* Inter-Bold.ttf */; };
		886657BF2BFF250B00E7F8C0 /* Inter-Medium.ttf in Resources */ = {isa = PBXBuildFile; fileRef = 886657BC2BFF250B00E7F8C0 /* Inter-Medium.ttf */; };
		886657C02BFF250B00E7F8C0 /* Inter-SemiBold.ttf in Resources */ = {isa = PBXBuildFile; fileRef = 886657BD2BFF250B00E7F8C0 /* Inter-SemiBold.ttf */; };
		886657C12BFF250B00E7F8C0 /* Inter-Regular.ttf in Resources */ = {isa = PBXBuildFile; fileRef = 886657BE2BFF250B00E7F8C0 /* Inter-Regular.ttf */; };
		887BE2F02C00735E00841FF4 /* SignUpVC.swift in Sources */ = {isa = PBXBuildFile; fileRef = 887BE2EF2C00735E00841FF4 /* SignUpVC.swift */; };
		887BE2F32C009FDD00841FF4 /* LoaderButton.swift in Sources */ = {isa = PBXBuildFile; fileRef = 887BE2F22C009FDD00841FF4 /* LoaderButton.swift */; };
		887BE2F52C00A08200841FF4 /* UIViewController+Alert.swift in Sources */ = {isa = PBXBuildFile; fileRef = 887BE2F42C00A08200841FF4 /* UIViewController+Alert.swift */; };
		88FFD9912BFDBB07003322D9 /* AppDelegate.swift in Sources */ = {isa = PBXBuildFile; fileRef = 88FFD9902BFDBB07003322D9 /* AppDelegate.swift */; };
		88FFD9932BFDBB07003322D9 /* SceneDelegate.swift in Sources */ = {isa = PBXBuildFile; fileRef = 88FFD9922BFDBB07003322D9 /* SceneDelegate.swift */; };
		88FFD9982BFDBB07003322D9 /* Base in Resources */ = {isa = PBXBuildFile; fileRef = 88FFD9972BFDBB07003322D9 /* Base */; };
		88FFD99A2BFDBB08003322D9 /* Assets.xcassets in Resources */ = {isa = PBXBuildFile; fileRef = 88FFD9992BFDBB08003322D9 /* Assets.xcassets */; };
		88FFD99D2BFDBB08003322D9 /* Base in Resources */ = {isa = PBXBuildFile; fileRef = 88FFD99C2BFDBB08003322D9 /* Base */; };
		BDB0818758ACFAAE1C0ADF1E /* Pods_iWantIT.framework in Frameworks */ = {isa = PBXBuildFile; fileRef = 084698521A973126562D070C /* Pods_iWantIT.framework */; };
/* End PBXBuildFile section */

/* Begin PBXFileReference section */
		084698521A973126562D070C /* Pods_iWantIT.framework */ = {isa = PBXFileReference; explicitFileType = wrapper.framework; includeInIndex = 0; path = Pods_iWantIT.framework; sourceTree = BUILT_PRODUCTS_DIR; };
		883F96A42BFF1E240013FF64 /* BalooDa-Regular.ttf */ = {isa = PBXFileReference; lastKnownFileType = file; path = "BalooDa-Regular.ttf"; sourceTree = "<group>"; };
		885A9DB52BFF0AA500CE9612 /* LoginVC.swift */ = {isa = PBXFileReference; lastKnownFileType = sourcecode.swift; path = LoginVC.swift; sourceTree = "<group>"; };
		885A9DB82BFF186A00CE9612 /* Inter-Bold.ttf */ = {isa = PBXFileReference; lastKnownFileType = file; path = "Inter-Bold.ttf"; sourceTree = "<group>"; };
		886657BC2BFF250B00E7F8C0 /* Inter-Medium.ttf */ = {isa = PBXFileReference; lastKnownFileType = file; path = "Inter-Medium.ttf"; sourceTree = "<group>"; };
		886657BD2BFF250B00E7F8C0 /* Inter-SemiBold.ttf */ = {isa = PBXFileReference; lastKnownFileType = file; path = "Inter-SemiBold.ttf"; sourceTree = "<group>"; };
		886657BE2BFF250B00E7F8C0 /* Inter-Regular.ttf */ = {isa = PBXFileReference; lastKnownFileType = file; path = "Inter-Regular.ttf"; sourceTree = "<group>"; };
		887BE2EF2C00735E00841FF4 /* SignUpVC.swift */ = {isa = PBXFileReference; lastKnownFileType = sourcecode.swift; path = SignUpVC.swift; sourceTree = "<group>"; };
		887BE2F22C009FDD00841FF4 /* LoaderButton.swift */ = {isa = PBXFileReference; lastKnownFileType = sourcecode.swift; path = LoaderButton.swift; sourceTree = "<group>"; };
		887BE2F42C00A08200841FF4 /* UIViewController+Alert.swift */ = {isa = PBXFileReference; lastKnownFileType = sourcecode.swift; path = "UIViewController+Alert.swift"; sourceTree = "<group>"; };
		88FFD98D2BFDBB07003322D9 /* iWantIT.app */ = {isa = PBXFileReference; explicitFileType = wrapper.application; includeInIndex = 0; path = iWantIT.app; sourceTree = BUILT_PRODUCTS_DIR; };
		88FFD9902BFDBB07003322D9 /* AppDelegate.swift */ = {isa = PBXFileReference; lastKnownFileType = sourcecode.swift; path = AppDelegate.swift; sourceTree = "<group>"; };
		88FFD9922BFDBB07003322D9 /* SceneDelegate.swift */ = {isa = PBXFileReference; lastKnownFileType = sourcecode.swift; path = SceneDelegate.swift; sourceTree = "<group>"; };
		88FFD9972BFDBB07003322D9 /* Base */ = {isa = PBXFileReference; lastKnownFileType = file.storyboard; name = Base; path = Base.lproj/Main.storyboard; sourceTree = "<group>"; };
		88FFD9992BFDBB08003322D9 /* Assets.xcassets */ = {isa = PBXFileReference; lastKnownFileType = folder.assetcatalog; path = Assets.xcassets; sourceTree = "<group>"; };
		88FFD99C2BFDBB08003322D9 /* Base */ = {isa = PBXFileReference; lastKnownFileType = file.storyboard; name = Base; path = Base.lproj/LaunchScreen.storyboard; sourceTree = "<group>"; };
		88FFD99E2BFDBB08003322D9 /* Info.plist */ = {isa = PBXFileReference; lastKnownFileType = text.plist.xml; path = Info.plist; sourceTree = "<group>"; };
		DF719B655D789902BE383E0D /* Pods-iWantIT.release.xcconfig */ = {isa = PBXFileReference; includeInIndex = 1; lastKnownFileType = text.xcconfig; name = "Pods-iWantIT.release.xcconfig"; path = "Target Support Files/Pods-iWantIT/Pods-iWantIT.release.xcconfig"; sourceTree = "<group>"; };
		E97BF8C79094867931E91A11 /* Pods-iWantIT.debug.xcconfig */ = {isa = PBXFileReference; includeInIndex = 1; lastKnownFileType = text.xcconfig; name = "Pods-iWantIT.debug.xcconfig"; path = "Target Support Files/Pods-iWantIT/Pods-iWantIT.debug.xcconfig"; sourceTree = "<group>"; };
/* End PBXFileReference section */

/* Begin PBXFrameworksBuildPhase section */
		88FFD98A2BFDBB07003322D9 /* Frameworks */ = {
			isa = PBXFrameworksBuildPhase;
			buildActionMask = 2147483647;
			files = (
				BDB0818758ACFAAE1C0ADF1E /* Pods_iWantIT.framework in Frameworks */,
			);
			runOnlyForDeploymentPostprocessing = 0;
		};
/* End PBXFrameworksBuildPhase section */

/* Begin PBXGroup section */
		3F898588EBFF1F9896E7BDF9 /* Pods */ = {
			isa = PBXGroup;
			children = (
				E97BF8C79094867931E91A11 /* Pods-iWantIT.debug.xcconfig */,
				DF719B655D789902BE383E0D /* Pods-iWantIT.release.xcconfig */,
			);
			path = Pods;
			sourceTree = "<group>";
		};
		885A9DB12BFF0A5400CE9612 /* Model */ = {
			isa = PBXGroup;
			children = (
			);
			path = Model;
			sourceTree = "<group>";
		};
		885A9DB32BFF0A6E00CE9612 /* View */ = {
			isa = PBXGroup;
			children = (
				88FFD9962BFDBB07003322D9 /* Main.storyboard */,
				88FFD99B2BFDBB08003322D9 /* LaunchScreen.storyboard */,
			);
			path = View;
			sourceTree = "<group>";
		};
		885A9DB42BFF0A7500CE9612 /* Controller */ = {
			isa = PBXGroup;
			children = (
				885A9DB52BFF0AA500CE9612 /* LoginVC.swift */,
				887BE2EF2C00735E00841FF4 /* SignUpVC.swift */,
			);
			path = Controller;
			sourceTree = "<group>";
		};
		885A9DB72BFF184800CE9612 /* Fonts */ = {
			isa = PBXGroup;
			children = (
				883F96A42BFF1E240013FF64 /* BalooDa-Regular.ttf */,
				885A9DB82BFF186A00CE9612 /* Inter-Bold.ttf */,
				886657BC2BFF250B00E7F8C0 /* Inter-Medium.ttf */,
				886657BE2BFF250B00E7F8C0 /* Inter-Regular.ttf */,
				886657BD2BFF250B00E7F8C0 /* Inter-SemiBold.ttf */,
			);
			path = Fonts;
			sourceTree = "<group>";
		};
		887BE2F12C009EDE00841FF4 /* Utility */ = {
			isa = PBXGroup;
			children = (
				887BE2F22C009FDD00841FF4 /* LoaderButton.swift */,
				887BE2F42C00A08200841FF4 /* UIViewController+Alert.swift */,
			);
			path = Utility;
			sourceTree = "<group>";
		};
		88FFD9842BFDBB07003322D9 = {
			isa = PBXGroup;
			children = (
				88FFD98F2BFDBB07003322D9 /* iWantIT */,
				88FFD98E2BFDBB07003322D9 /* Products */,
				3F898588EBFF1F9896E7BDF9 /* Pods */,
				9CD54CA777337BC4B04752EF /* Frameworks */,
			);
			sourceTree = "<group>";
		};
		88FFD98E2BFDBB07003322D9 /* Products */ = {
			isa = PBXGroup;
			children = (
				88FFD98D2BFDBB07003322D9 /* iWantIT.app */,
			);
			name = Products;
			sourceTree = "<group>";
		};
		88FFD98F2BFDBB07003322D9 /* iWantIT */ = {
			isa = PBXGroup;
			children = (
				88FFD9902BFDBB07003322D9 /* AppDelegate.swift */,
				88FFD9922BFDBB07003322D9 /* SceneDelegate.swift */,
				887BE2F12C009EDE00841FF4 /* Utility */,
				885A9DB72BFF184800CE9612 /* Fonts */,
				885A9DB12BFF0A5400CE9612 /* Model */,
				885A9DB32BFF0A6E00CE9612 /* View */,
				885A9DB42BFF0A7500CE9612 /* Controller */,
				88FFD9992BFDBB08003322D9 /* Assets.xcassets */,
				88FFD99E2BFDBB08003322D9 /* Info.plist */,
			);
			path = iWantIT;
			sourceTree = "<group>";
		};
		9CD54CA777337BC4B04752EF /* Frameworks */ = {
			isa = PBXGroup;
			children = (
				084698521A973126562D070C /* Pods_iWantIT.framework */,
			);
			name = Frameworks;
			sourceTree = "<group>";
		};
/* End PBXGroup section */

/* Begin PBXNativeTarget section */
		88FFD98C2BFDBB07003322D9 /* iWantIT */ = {
			isa = PBXNativeTarget;
			buildConfigurationList = 88FFD9A12BFDBB08003322D9 /* Build configuration list for PBXNativeTarget "iWantIT" */;
			buildPhases = (
				15C99C4FC0E94A9A533FC0D7 /* [CP] Check Pods Manifest.lock */,
				88FFD9892BFDBB07003322D9 /* Sources */,
				88FFD98A2BFDBB07003322D9 /* Frameworks */,
				88FFD98B2BFDBB07003322D9 /* Resources */,
				D6CBE83EBB795152541F5580 /* [CP] Embed Pods Frameworks */,
			);
			buildRules = (
			);
			dependencies = (
			);
			name = iWantIT;
			productName = iWantIT;
			productReference = 88FFD98D2BFDBB07003322D9 /* iWantIT.app */;
			productType = "com.apple.product-type.application";
		};
/* End PBXNativeTarget section */

/* Begin PBXProject section */
		88FFD9852BFDBB07003322D9 /* Project object */ = {
			isa = PBXProject;
			attributes = {
				BuildIndependentTargetsInParallel = 1;
				LastSwiftUpdateCheck = 1530;
				LastUpgradeCheck = 1530;
				TargetAttributes = {
					88FFD98C2BFDBB07003322D9 = {
						CreatedOnToolsVersion = 15.3;
					};
				};
			};
			buildConfigurationList = 88FFD9882BFDBB07003322D9 /* Build configuration list for PBXProject "iWantIT" */;
			compatibilityVersion = "Xcode 14.0";
			developmentRegion = en;
			hasScannedForEncodings = 0;
			knownRegions = (
				en,
				Base,
			);
			mainGroup = 88FFD9842BFDBB07003322D9;
			productRefGroup = 88FFD98E2BFDBB07003322D9 /* Products */;
			projectDirPath = "";
			projectRoot = "";
			targets = (
				88FFD98C2BFDBB07003322D9 /* iWantIT */,
			);
		};
/* End PBXProject section */

/* Begin PBXResourcesBuildPhase section */
		88FFD98B2BFDBB07003322D9 /* Resources */ = {
			isa = PBXResourcesBuildPhase;
			buildActionMask = 2147483647;
			files = (
				88FFD99A2BFDBB08003322D9 /* Assets.xcassets in Resources */,
				88FFD99D2BFDBB08003322D9 /* Base in Resources */,
				886657BF2BFF250B00E7F8C0 /* Inter-Medium.ttf in Resources */,
				885A9DB92BFF186A00CE9612 /* Inter-Bold.ttf in Resources */,
				883F96A52BFF1E240013FF64 /* BalooDa-Regular.ttf in Resources */,
				88FFD9982BFDBB07003322D9 /* Base in Resources */,
				886657C12BFF250B00E7F8C0 /* Inter-Regular.ttf in Resources */,
				886657C02BFF250B00E7F8C0 /* Inter-SemiBold.ttf in Resources */,
			);
			runOnlyForDeploymentPostprocessing = 0;
		};
/* End PBXResourcesBuildPhase section */

/* Begin PBXShellScriptBuildPhase section */
		15C99C4FC0E94A9A533FC0D7 /* [CP] Check Pods Manifest.lock */ = {
			isa = PBXShellScriptBuildPhase;
			buildActionMask = 2147483647;
			files = (
			);
			inputFileListPaths = (
			);
			inputPaths = (
				"${PODS_PODFILE_DIR_PATH}/Podfile.lock",
				"${PODS_ROOT}/Manifest.lock",
			);
			name = "[CP] Check Pods Manifest.lock";
			outputFileListPaths = (
			);
			outputPaths = (
				"$(DERIVED_FILE_DIR)/Pods-iWantIT-checkManifestLockResult.txt",
			);
			runOnlyForDeploymentPostprocessing = 0;
			shellPath = /bin/sh;
			shellScript = "diff \"${PODS_PODFILE_DIR_PATH}/Podfile.lock\" \"${PODS_ROOT}/Manifest.lock\" > /dev/null\nif [ $? != 0 ] ; then\n    # print error to STDERR\n    echo \"error: The sandbox is not in sync with the Podfile.lock. Run 'pod install' or update your CocoaPods installation.\" >&2\n    exit 1\nfi\n# This output is used by Xcode 'outputs' to avoid re-running this script phase.\necho \"SUCCESS\" > \"${SCRIPT_OUTPUT_FILE_0}\"\n";
			showEnvVarsInLog = 0;
		};
		D6CBE83EBB795152541F5580 /* [CP] Embed Pods Frameworks */ = {
			isa = PBXShellScriptBuildPhase;
			buildActionMask = 2147483647;
			files = (
			);
			inputFileListPaths = (
				"${PODS_ROOT}/Target Support Files/Pods-iWantIT/Pods-iWantIT-frameworks-${CONFIGURATION}-input-files.xcfilelist",
			);
			name = "[CP] Embed Pods Frameworks";
			outputFileListPaths = (
				"${PODS_ROOT}/Target Support Files/Pods-iWantIT/Pods-iWantIT-frameworks-${CONFIGURATION}-output-files.xcfilelist",
			);
			runOnlyForDeploymentPostprocessing = 0;
			shellPath = /bin/sh;
			shellScript = "\"${PODS_ROOT}/Target Support Files/Pods-iWantIT/Pods-iWantIT-frameworks.sh\"\n";
			showEnvVarsInLog = 0;
		};
/* End PBXShellScriptBuildPhase section */

/* Begin PBXSourcesBuildPhase section */
		88FFD9892BFDBB07003322D9 /* Sources */ = {
			isa = PBXSourcesBuildPhase;
			buildActionMask = 2147483647;
			files = (
				887BE2F02C00735E00841FF4 /* SignUpVC.swift in Sources */,
				88FFD9912BFDBB07003322D9 /* AppDelegate.swift in Sources */,
				885A9DB62BFF0AA500CE9612 /* LoginVC.swift in Sources */,
				887BE2F52C00A08200841FF4 /* UIViewController+Alert.swift in Sources */,
				88FFD9932BFDBB07003322D9 /* SceneDelegate.swift in Sources */,
				887BE2F32C009FDD00841FF4 /* LoaderButton.swift in Sources */,
			);
			runOnlyForDeploymentPostprocessing = 0;
		};
/* End PBXSourcesBuildPhase section */

/* Begin PBXVariantGroup section */
		88FFD9962BFDBB07003322D9 /* Main.storyboard */ = {
			isa = PBXVariantGroup;
			children = (
				88FFD9972BFDBB07003322D9 /* Base */,
			);
			name = Main.storyboard;
			sourceTree = "<group>";
		};
		88FFD99B2BFDBB08003322D9 /* LaunchScreen.storyboard */ = {
			isa = PBXVariantGroup;
			children = (
				88FFD99C2BFDBB08003322D9 /* Base */,
			);
			name = LaunchScreen.storyboard;
			sourceTree = "<group>";
		};
/* End PBXVariantGroup section */

/* Begin XCBuildConfiguration section */
		88FFD99F2BFDBB08003322D9 /* Debug */ = {
			isa = XCBuildConfiguration;
			buildSettings = {
				ALWAYS_SEARCH_USER_PATHS = NO;
				ASSETCATALOG_COMPILER_GENERATE_SWIFT_ASSET_SYMBOL_EXTENSIONS = YES;
				CLANG_ANALYZER_NONNULL = YES;
				CLANG_ANALYZER_NUMBER_OBJECT_CONVERSION = YES_AGGRESSIVE;
				CLANG_CXX_LANGUAGE_STANDARD = "gnu++20";
				CLANG_ENABLE_MODULES = YES;
				CLANG_ENABLE_OBJC_ARC = YES;
				CLANG_ENABLE_OBJC_WEAK = YES;
				CLANG_WARN_BLOCK_CAPTURE_AUTORELEASING = YES;
				CLANG_WARN_BOOL_CONVERSION = YES;
				CLANG_WARN_COMMA = YES;
				CLANG_WARN_CONSTANT_CONVERSION = YES;
				CLANG_WARN_DEPRECATED_OBJC_IMPLEMENTATIONS = YES;
				CLANG_WARN_DIRECT_OBJC_ISA_USAGE = YES_ERROR;
				CLANG_WARN_DOCUMENTATION_COMMENTS = YES;
				CLANG_WARN_EMPTY_BODY = YES;
				CLANG_WARN_ENUM_CONVERSION = YES;
				CLANG_WARN_INFINITE_RECURSION = YES;
				CLANG_WARN_INT_CONVERSION = YES;
				CLANG_WARN_NON_LITERAL_NULL_CONVERSION = YES;
				CLANG_WARN_OBJC_IMPLICIT_RETAIN_SELF = YES;
				CLANG_WARN_OBJC_LITERAL_CONVERSION = YES;
				CLANG_WARN_OBJC_ROOT_CLASS = YES_ERROR;
				CLANG_WARN_QUOTED_INCLUDE_IN_FRAMEWORK_HEADER = YES;
				CLANG_WARN_RANGE_LOOP_ANALYSIS = YES;
				CLANG_WARN_STRICT_PROTOTYPES = YES;
				CLANG_WARN_SUSPICIOUS_MOVE = YES;
				CLANG_WARN_UNGUARDED_AVAILABILITY = YES_AGGRESSIVE;
				CLANG_WARN_UNREACHABLE_CODE = YES;
				CLANG_WARN__DUPLICATE_METHOD_MATCH = YES;
				COPY_PHASE_STRIP = NO;
				DEBUG_INFORMATION_FORMAT = dwarf;
				ENABLE_STRICT_OBJC_MSGSEND = YES;
				ENABLE_TESTABILITY = YES;
				ENABLE_USER_SCRIPT_SANDBOXING = YES;
				GCC_C_LANGUAGE_STANDARD = gnu17;
				GCC_DYNAMIC_NO_PIC = NO;
				GCC_NO_COMMON_BLOCKS = YES;
				GCC_OPTIMIZATION_LEVEL = 0;
				GCC_PREPROCESSOR_DEFINITIONS = (
					"DEBUG=1",
					"$(inherited)",
				);
				GCC_WARN_64_TO_32_BIT_CONVERSION = YES;
				GCC_WARN_ABOUT_RETURN_TYPE = YES_ERROR;
				GCC_WARN_UNDECLARED_SELECTOR = YES;
				GCC_WARN_UNINITIALIZED_AUTOS = YES_AGGRESSIVE;
				GCC_WARN_UNUSED_FUNCTION = YES;
				GCC_WARN_UNUSED_VARIABLE = YES;
				IPHONEOS_DEPLOYMENT_TARGET = 17.4;
				LOCALIZATION_PREFERS_STRING_CATALOGS = YES;
				MTL_ENABLE_DEBUG_INFO = INCLUDE_SOURCE;
				MTL_FAST_MATH = YES;
				ONLY_ACTIVE_ARCH = YES;
				SDKROOT = iphoneos;
				SWIFT_ACTIVE_COMPILATION_CONDITIONS = "DEBUG $(inherited)";
				SWIFT_OPTIMIZATION_LEVEL = "-Onone";
			};
			name = Debug;
		};
		88FFD9A02BFDBB08003322D9 /* Release */ = {
			isa = XCBuildConfiguration;
			buildSettings = {
				ALWAYS_SEARCH_USER_PATHS = NO;
				ASSETCATALOG_COMPILER_GENERATE_SWIFT_ASSET_SYMBOL_EXTENSIONS = YES;
				CLANG_ANALYZER_NONNULL = YES;
				CLANG_ANALYZER_NUMBER_OBJECT_CONVERSION = YES_AGGRESSIVE;
				CLANG_CXX_LANGUAGE_STANDARD = "gnu++20";
				CLANG_ENABLE_MODULES = YES;
				CLANG_ENABLE_OBJC_ARC = YES;
				CLANG_ENABLE_OBJC_WEAK = YES;
				CLANG_WARN_BLOCK_CAPTURE_AUTORELEASING = YES;
				CLANG_WARN_BOOL_CONVERSION = YES;
				CLANG_WARN_COMMA = YES;
				CLANG_WARN_CONSTANT_CONVERSION = YES;
				CLANG_WARN_DEPRECATED_OBJC_IMPLEMENTATIONS = YES;
				CLANG_WARN_DIRECT_OBJC_ISA_USAGE = YES_ERROR;
				CLANG_WARN_DOCUMENTATION_COMMENTS = YES;
				CLANG_WARN_EMPTY_BODY = YES;
				CLANG_WARN_ENUM_CONVERSION = YES;
				CLANG_WARN_INFINITE_RECURSION = YES;
				CLANG_WARN_INT_CONVERSION = YES;
				CLANG_WARN_NON_LITERAL_NULL_CONVERSION = YES;
				CLANG_WARN_OBJC_IMPLICIT_RETAIN_SELF = YES;
				CLANG_WARN_OBJC_LITERAL_CONVERSION = YES;
				CLANG_WARN_OBJC_ROOT_CLASS = YES_ERROR;
				CLANG_WARN_QUOTED_INCLUDE_IN_FRAMEWORK_HEADER = YES;
				CLANG_WARN_RANGE_LOOP_ANALYSIS = YES;
				CLANG_WARN_STRICT_PROTOTYPES = YES;
				CLANG_WARN_SUSPICIOUS_MOVE = YES;
				CLANG_WARN_UNGUARDED_AVAILABILITY = YES_AGGRESSIVE;
				CLANG_WARN_UNREACHABLE_CODE = YES;
				CLANG_WARN__DUPLICATE_METHOD_MATCH = YES;
				COPY_PHASE_STRIP = NO;
				DEBUG_INFORMATION_FORMAT = "dwarf-with-dsym";
				ENABLE_NS_ASSERTIONS = NO;
				ENABLE_STRICT_OBJC_MSGSEND = YES;
				ENABLE_USER_SCRIPT_SANDBOXING = YES;
				GCC_C_LANGUAGE_STANDARD = gnu17;
				GCC_NO_COMMON_BLOCKS = YES;
				GCC_WARN_64_TO_32_BIT_CONVERSION = YES;
				GCC_WARN_ABOUT_RETURN_TYPE = YES_ERROR;
				GCC_WARN_UNDECLARED_SELECTOR = YES;
				GCC_WARN_UNINITIALIZED_AUTOS = YES_AGGRESSIVE;
				GCC_WARN_UNUSED_FUNCTION = YES;
				GCC_WARN_UNUSED_VARIABLE = YES;
				IPHONEOS_DEPLOYMENT_TARGET = 17.4;
				LOCALIZATION_PREFERS_STRING_CATALOGS = YES;
				MTL_ENABLE_DEBUG_INFO = NO;
				MTL_FAST_MATH = YES;
				SDKROOT = iphoneos;
				SWIFT_COMPILATION_MODE = wholemodule;
				VALIDATE_PRODUCT = YES;
			};
			name = Release;
		};
		88FFD9A22BFDBB08003322D9 /* Debug */ = {
			isa = XCBuildConfiguration;
			baseConfigurationReference = E97BF8C79094867931E91A11 /* Pods-iWantIT.debug.xcconfig */;
			buildSettings = {
				ASSETCATALOG_COMPILER_APPICON_NAME = AppIcon;
				ASSETCATALOG_COMPILER_GLOBAL_ACCENT_COLOR_NAME = AccentColor;
				CODE_SIGN_STYLE = Automatic;
				CURRENT_PROJECT_VERSION = 1;
				DEVELOPMENT_TEAM = 79BB633X43;
				ENABLE_USER_SCRIPT_SANDBOXING = NO;
				GENERATE_INFOPLIST_FILE = YES;
				INFOPLIST_FILE = iWantIT/Info.plist;
				INFOPLIST_KEY_UIApplicationSupportsIndirectInputEvents = YES;
				INFOPLIST_KEY_UILaunchStoryboardName = LaunchScreen;
				INFOPLIST_KEY_UIMainStoryboardFile = Main;
				INFOPLIST_KEY_UISupportedInterfaceOrientations = UIInterfaceOrientationPortrait;
				INFOPLIST_KEY_UISupportedInterfaceOrientations_iPad = "UIInterfaceOrientationLandscapeLeft UIInterfaceOrientationLandscapeRight UIInterfaceOrientationPortrait UIInterfaceOrientationPortraitUpsideDown";
				INFOPLIST_KEY_UIUserInterfaceStyle = Light;
				IPHONEOS_DEPLOYMENT_TARGET = 13.0;
				LD_RUNPATH_SEARCH_PATHS = (
					"$(inherited)",
					"@executable_path/Frameworks",
				);
				MARKETING_VERSION = 1.0;
				PRODUCT_BUNDLE_IDENTIFIER = in.co.iWantIT.iWantIT;
				PRODUCT_NAME = "$(TARGET_NAME)";
				SWIFT_EMIT_LOC_STRINGS = YES;
				SWIFT_VERSION = 5.0;
				TARGETED_DEVICE_FAMILY = "1,2";
			};
			name = Debug;
		};
		88FFD9A32BFDBB08003322D9 /* Release */ = {
			isa = XCBuildConfiguration;
			baseConfigurationReference = DF719B655D789902BE383E0D /* Pods-iWantIT.release.xcconfig */;
			buildSettings = {
				ASSETCATALOG_COMPILER_APPICON_NAME = AppIcon;
				ASSETCATALOG_COMPILER_GLOBAL_ACCENT_COLOR_NAME = AccentColor;
				CODE_SIGN_STYLE = Automatic;
				CURRENT_PROJECT_VERSION = 1;
				DEVELOPMENT_TEAM = 79BB633X43;
				ENABLE_USER_SCRIPT_SANDBOXING = NO;
				GENERATE_INFOPLIST_FILE = YES;
				INFOPLIST_FILE = iWantIT/Info.plist;
				INFOPLIST_KEY_UIApplicationSupportsIndirectInputEvents = YES;
				INFOPLIST_KEY_UILaunchStoryboardName = LaunchScreen;
				INFOPLIST_KEY_UIMainStoryboardFile = Main;
				INFOPLIST_KEY_UISupportedInterfaceOrientations = UIInterfaceOrientationPortrait;
				INFOPLIST_KEY_UISupportedInterfaceOrientations_iPad = "UIInterfaceOrientationLandscapeLeft UIInterfaceOrientationLandscapeRight UIInterfaceOrientationPortrait UIInterfaceOrientationPortraitUpsideDown";
				INFOPLIST_KEY_UIUserInterfaceStyle = Light;
				IPHONEOS_DEPLOYMENT_TARGET = 13.0;
				LD_RUNPATH_SEARCH_PATHS = (
					"$(inherited)",
					"@executable_path/Frameworks",
				);
				MARKETING_VERSION = 1.0;
				PRODUCT_BUNDLE_IDENTIFIER = in.co.iWantIT.iWantIT;
				PRODUCT_NAME = "$(TARGET_NAME)";
				SWIFT_EMIT_LOC_STRINGS = YES;
				SWIFT_VERSION = 5.0;
				TARGETED_DEVICE_FAMILY = "1,2";
			};
			name = Release;
		};
/* End XCBuildConfiguration section */

/* Begin XCConfigurationList section */
		88FFD9882BFDBB07003322D9 /* Build configuration list for PBXProject "iWantIT" */ = {
			isa = XCConfigurationList;
			buildConfigurations = (
				88FFD99F2BFDBB08003322D9 /* Debug */,
				88FFD9A02BFDBB08003322D9 /* Release */,
			);
			defaultConfigurationIsVisible = 0;
			defaultConfigurationName = Release;
		};
		88FFD9A12BFDBB08003322D9 /* Build configuration list for PBXNativeTarget "iWantIT" */ = {
			isa = XCConfigurationList;
			buildConfigurations = (
				88FFD9A22BFDBB08003322D9 /* Debug */,
				88FFD9A32BFDBB08003322D9 /* Release */,
			);
			defaultConfigurationIsVisible = 0;
			defaultConfigurationName = Release;
		};
/* End XCConfigurationList section */
	};
	rootObject = 88FFD9852BFDBB07003322D9 /* Project object */;
}
